
Microsoft Visual Studio Solution File, Format Version 12.00
# Visual Studio Version 16
VisualStudioVersion = 16.0.29905.134
MinimumVisualStudioVersion = 10.0.40219.1
Project("{FAE04EC0-301F-11D3-BF4B-00C04F79EFBC}") = "PluginSystemWPF", "PluginSystemWPF\PluginSystemWPF.csproj", "{EE60920A-03B0-4555-B361-29974E778942}"
EndProject
Project("{FAE04EC0-301F-11D3-BF4B-00C04F79EFBC}") = "PluginLib", "PluginLib\PluginLib.csproj", "{66C50A5D-8258-4D77-9B67-D843F6FD7D24}"
EndProject
Global
	GlobalSection(SolutionConfigurationPlatforms) = preSolution
		Debug|Any CPU = Debug|Any CPU
		Release|Any CPU = Release|Any CPU
	EndGlobalSection
	GlobalSection(ProjectConfigurationPlatforms) = postSolution
		{EE60920A-03B0-4555-B361-29974E778942}.Debug|Any CPU.ActiveCfg = Debug|Any CPU
		{EE60920A-03B0-4555-B361-29974E778942}.Debug|Any CPU.Build.0 = Debug|Any CPU
		{EE60920A-03B0-4555-B361-29974E778942}.Release|Any CPU.ActiveCfg = Release|Any CPU
		{EE60920A-03B0-4555-B361-29974E778942}.Release|Any CPU.Build.0 = Release|Any CPU
		{66C50A5D-8258-4D77-9B67-D843F6FD7D24}.Debug|Any CPU.ActiveCfg = Debug|Any CPU
		{66C50A5D-8258-4D77-9B67-D843F6FD7D24}.Debug|Any CPU.Build.0 = Debug|Any CPU
		{66C50A5D-8258-4D77-9B67-D843F6FD7D24}.Release|Any CPU.ActiveCfg = Release|Any CPU
		{66C50A5D-8258-4D77-9B67-D843F6FD7D24}.Release|Any CPU.Build.0 = Release|Any CPU
	EndGlobalSection
	GlobalSection(SolutionProperties) = preSolution
		HideSolutionNode = FALSE
	EndGlobalSection
	GlobalSection(ExtensibilityGlobals) = postSolution
		SolutionGuid = {B66AFE64-9973-43A4-8D07-34DE790ADFB0}
	EndGlobalSection
EndGlobal
